<?xml version="1.0" encoding="utf-8"?>
<Project ToolsVersion="4.0" xmlns="http://schemas.microsoft.com/developer/msbuild/2003">
  <ItemGroup>
    <Filter Include="Source Files">
      <UniqueIdentifier>{4FC737F1-C7A5-4376-A066-2A32D752A2FF}</UniqueIdentifier>
      <Extensions>cpp;c;cc;cxx;def;odl;idl;hpj;bat;asm;asmx</Extensions>
    </Filter>
    <Filter Include="Header Files">
      <UniqueIdentifier>{93995380-89BD-4b04-88EB-625FBE52EBFB}</UniqueIdentifier>
      <Extensions>h;hh;hpp;hxx;hm;inl;inc;xsd</Extensions>
    </Filter>
    <Filter Include="Resource Files">
      <UniqueIdentifier>{67DA6AB6-F800-4c08-8B7A-83BB121AAD01}</UniqueIdentifier>
      <Extensions>rc;ico;cur;bmp;dlg;rc2;rct;bin;rgs;gif;jpg;jpeg;jpe;resx;tiff;tif;png;wav;mfcribbon-ms</Extensions>
    </Filter>
    <Filter Include="Header Files\graphics">
      <UniqueIdentifier>{af280530-38c1-431d-87e3-fcbc00bd022e}</UniqueIdentifier>
    </Filter>
    <Filter Include="Source Files\graphics">
      <UniqueIdentifier>{5749df91-93e2-4685-acd1-637a3faaa84d}</UniqueIdentifier>
    </Filter>
    <Filter Include="Source Files\graphics\texture">
      <UniqueIdentifier>{4f92abe5-6d3f-4086-9038-13fa09185b2c}</UniqueIdentifier>
    </Filter>
    <Filter Include="Header Files\graphics\texture">
      <UniqueIdentifier>{13aa5d43-8773-4ea5-828f-ec922fd0ed14}</UniqueIdentifier>
    </Filter>
    <Filter Include="Header Files\world">
      <UniqueIdentifier>{a9d316b7-a9fd-4400-9962-4a80de839f7b}</UniqueIdentifier>
    </Filter>
    <Filter Include="Source Files\world">
      <UniqueIdentifier>{6a9b4b3a-f394-4920-87a9-77d025d60f51}</UniqueIdentifier>
    </Filter>
    <Filter Include="Source Files\util">
      <UniqueIdentifier>{e980bb42-6d96-41d9-a09c-9d10d38b1d5a}</UniqueIdentifier>
    </Filter>
    <Filter Include="Header Files\util">
      <UniqueIdentifier>{593d16a1-a82a-4e2a-8c53-ffceae9c1994}</UniqueIdentifier>
    </Filter>
    <Filter Include="Source Files\util\math">
      <UniqueIdentifier>{bc2f845d-41b1-42dc-b3ac-f2806a7f17b4}</UniqueIdentifier>
    </Filter>
    <Filter Include="Header Files\util\math">
      <UniqueIdentifier>{6da70cf1-30de-4fe9-8f36-ae4354bca832}</UniqueIdentifier>
    </Filter>
    <Filter Include="Header Files\graphics\model">
      <UniqueIdentifier>{195fbddd-d802-4c4f-a4cd-8d4a41a0ed97}</UniqueIdentifier>
    </Filter>
    <Filter Include="Source Files\graphics\model">
      <UniqueIdentifier>{1acba959-b9d6-4f43-b63a-0792d2c3500f}</UniqueIdentifier>
    </Filter>
    <Filter Include="Header Files\graphics\voxel">
      <UniqueIdentifier>{cef98d7a-8d05-4308-ba1f-c5f98b4cec47}</UniqueIdentifier>
    </Filter>
    <Filter Include="Source Files\graphics\voxel">
      <UniqueIdentifier>{9c6b5b76-8336-42d0-afc6-235ab762a6d9}</UniqueIdentifier>
    </Filter>
    <Filter Include="Source Files\world\generation">
      <UniqueIdentifier>{d93c66f8-c565-4539-8dde-1151a0acd713}</UniqueIdentifier>
    </Filter>
    <Filter Include="Header Files\world\generation">
      <UniqueIdentifier>{6240a201-a062-4a9f-9cd7-60f20e6852fa}</UniqueIdentifier>
    </Filter>
    <Filter Include="Header Files\graphics\shader">
      <UniqueIdentifier>{c5026990-30dd-4e88-a9f3-bc08e0681c00}</UniqueIdentifier>
    </Filter>
    <Filter Include="Source Files\graphics\shader">
      <UniqueIdentifier>{c97ebd17-287a-47d8-bf82-cb71712ddac1}</UniqueIdentifier>
    </Filter>
    <Filter Include="Header Files\connection">
      <UniqueIdentifier>{e880c5c8-468b-49ab-8158-3f8c85e13bfd}</UniqueIdentifier>
    </Filter>
    <Filter Include="Source Files\connection">
      <UniqueIdentifier>{4804c626-ada1-41d4-8b39-7859add22c7a}</UniqueIdentifier>
    </Filter>
    <Filter Include="Header Files\connection\server">
      <UniqueIdentifier>{da708806-8937-4c6b-bdb7-702f80ff718d}</UniqueIdentifier>
    </Filter>
    <Filter Include="Source Files\connection\server">
      <UniqueIdentifier>{ad6f7519-77cc-4556-8ef8-97a9951d11c1}</UniqueIdentifier>
    </Filter>
    <Filter Include="Source Files\graphics\lighting">
      <UniqueIdentifier>{e82074a5-adbe-4922-b78e-0ff91547583a}</UniqueIdentifier>
    </Filter>
    <Filter Include="Header Files\graphics\lighting">
      <UniqueIdentifier>{32b781a0-4a3c-4a6f-ad6c-e558a17146b3}</UniqueIdentifier>
    </Filter>
    <Filter Include="Source Files\connection\client">
      <UniqueIdentifier>{bcd13f73-1823-4c96-9ec6-ebe5af8568ce}</UniqueIdentifier>
    </Filter>
    <Filter Include="Header Files\connection\client">
      <UniqueIdentifier>{ac3dd6cd-a4f8-4881-aa65-8e59fba2910e}</UniqueIdentifier>
    </Filter>
    <Filter Include="Source Files\graphics\lighting\shadow">
      <UniqueIdentifier>{4b96e0eb-dd3d-4078-9906-60c7e3e3cccb}</UniqueIdentifier>
    </Filter>
    <Filter Include="Header Files\graphics\lighting\shadow">
      <UniqueIdentifier>{3f2751ed-aa6e-46fc-bd28-42cefe6fb077}</UniqueIdentifier>
    </Filter>
    <Filter Include="Source Files\world\entity">
      <UniqueIdentifier>{ff3ff309-5290-4356-ae48-3f8f9d710a55}</UniqueIdentifier>
    </Filter>
    <Filter Include="Header Files\world\entity">
      <UniqueIdentifier>{7d1df408-7614-4e73-80c1-6776d7b40a77}</UniqueIdentifier>
    </Filter>
    <Filter Include="Source Files\world\entity\mob">
      <UniqueIdentifier>{ad2f46cc-ec5b-47dc-82d9-57ea968a72cb}</UniqueIdentifier>
    </Filter>
    <Filter Include="Header Files\world\entity\mob">
      <UniqueIdentifier>{06a39339-e138-4732-b45b-979feba13f4e}</UniqueIdentifier>
    </Filter>
    <Filter Include="Source Files\world\entity\controller">
      <UniqueIdentifier>{eb50b459-35a4-4154-a915-20138aea7e64}</UniqueIdentifier>
    </Filter>
    <Filter Include="Header Files\world\entity\controller">
      <UniqueIdentifier>{f83af62a-18be-41c5-94b4-b68f8e95e04e}</UniqueIdentifier>
    </Filter>
    <Filter Include="Source Files\world\entity\mob\human">
      <UniqueIdentifier>{8c2fadc9-89ad-4310-bb52-b0903edb64cd}</UniqueIdentifier>
    </Filter>
    <Filter Include="Header Files\world\entity\mob\human">
      <UniqueIdentifier>{df80bd4e-0ee1-4bdb-850f-6330def2da7c}</UniqueIdentifier>
    </Filter>
    <Filter Include="Header Files\connection\compression">
      <UniqueIdentifier>{150940d2-0dde-4648-b54b-e3eca4ab26eb}</UniqueIdentifier>
    </Filter>
    <Filter Include="Source Files\connection\compression">
      <UniqueIdentifier>{59981abb-5fc8-4f1c-91ba-28959babaaf8}</UniqueIdentifier>
    </Filter>
    <Filter Include="Source Files\world\chunk">
      <UniqueIdentifier>{bdd67f14-6f53-46b2-84e1-a5ac062c1abd}</UniqueIdentifier>
    </Filter>
    <Filter Include="Header Files\world\chunk">
      <UniqueIdentifier>{b824f77f-6550-4c47-ba06-3b29c220e032}</UniqueIdentifier>
    </Filter>
    <Filter Include="Source Files\io">
      <UniqueIdentifier>{53cf5717-952f-414c-8b86-3f162db2a8b5}</UniqueIdentifier>
    </Filter>
    <Filter Include="Header Files\io">
      <UniqueIdentifier>{f9927955-5dd5-4a67-8a33-8ecd13fa486b}</UniqueIdentifier>
    </Filter>
  </ItemGroup>
  <ItemGroup>
    <ClCompile Include="Main.cpp">
      <Filter>Source Files</Filter>
    </ClCompile>
    <ClCompile Include="RenderingEngine.cpp">
      <Filter>Source Files\graphics</Filter>
    </ClCompile>
    <ClCompile Include="Window.cpp">
      <Filter>Source Files\graphics</Filter>
    </ClCompile>
    <ClCompile Include="stb_image.c">
      <Filter>Source Files\graphics\texture</Filter>
    </ClCompile>
    <ClCompile Include="Vec3.cpp">
      <Filter>Source Files\util\math</Filter>
    </ClCompile>
    <ClCompile Include="Model.cpp">
      <Filter>Source Files\graphics\model</Filter>
    </ClCompile>
    <ClCompile Include="VertexData.cpp">
      <Filter>Source Files\graphics\model</Filter>
    </ClCompile>
    <ClCompile Include="VoxelMesher.cpp">
      <Filter>Source Files\graphics\voxel</Filter>
    </ClCompile>
    <ClCompile Include="World.cpp">
      <Filter>Source Files\world</Filter>
    </ClCompile>
    <ClCompile Include="Util.cpp">
      <Filter>Source Files\util</Filter>
    </ClCompile>
    <ClCompile Include="ChunkManager.cpp">
      <Filter>Source Files\world</Filter>
    </ClCompile>
    <ClCompile Include="Noise.cpp">
      <Filter>Source Files\world\generation</Filter>
    </ClCompile>
    <ClCompile Include="Shader.cpp">
      <Filter>Source Files\graphics\shader</Filter>
    </ClCompile>
    <ClCompile Include="Texture.cpp">
      <Filter>Source Files\graphics\texture</Filter>
    </ClCompile>
    <ClCompile Include="VertexBufferObject.cpp">
      <Filter>Source Files\graphics\model</Filter>
    </ClCompile>
    <ClCompile Include="Biome.cpp">
      <Filter>Source Files\world\generation</Filter>
    </ClCompile>
    <ClCompile Include="FrustumCuller.cpp">
      <Filter>Source Files\graphics</Filter>
    </ClCompile>
    <ClCompile Include="ThreadManager.cpp">
      <Filter>Source Files\util</Filter>
    </ClCompile>
    <ClCompile Include="SSAO.cpp">
      <Filter>Source Files\graphics\shader</Filter>
    </ClCompile>
    <ClCompile Include="Vec2.cpp">
      <Filter>Source Files\util\math</Filter>
    </ClCompile>
    <ClCompile Include="Server.cpp">
      <Filter>Source Files\connection\server</Filter>
    </ClCompile>
    <ClCompile Include="Client.cpp">
      <Filter>Source Files\connection\client</Filter>
    </ClCompile>
    <ClCompile Include="Shadow.cpp">
      <Filter>Source Files\graphics\lighting\shadow</Filter>
    </ClCompile>
    <ClCompile Include="Mat4.cpp">
      <Filter>Source Files\util\math</Filter>
    </ClCompile>
    <ClCompile Include="Transform.cpp">
      <Filter>Source Files\util\math</Filter>
    </ClCompile>
    <ClCompile Include="ModelViewProjection.cpp">
      <Filter>Source Files\util\math</Filter>
    </ClCompile>
    <ClCompile Include="EntityManager.cpp">
      <Filter>Source Files\world</Filter>
    </ClCompile>
    <ClCompile Include="Entity.cpp">
      <Filter>Source Files\world\entity</Filter>
    </ClCompile>
    <ClCompile Include="Mob.cpp">
      <Filter>Source Files\world\entity\mob</Filter>
    </ClCompile>
    <ClCompile Include="PhysicsMob.cpp">
      <Filter>Source Files\world\entity\mob</Filter>
    </ClCompile>
    <ClCompile Include="EntityController.cpp">
      <Filter>Source Files\world\entity\controller</Filter>
    </ClCompile>
    <ClCompile Include="Human.cpp">
      <Filter>Source Files\world\entity\mob\human</Filter>
    </ClCompile>
    <ClCompile Include="PlayerController.cpp">
      <Filter>Source Files\world\entity\controller</Filter>
    </ClCompile>
    <ClCompile Include="ConnectionController.cpp">
      <Filter>Source Files\world\entity\controller</Filter>
    </ClCompile>
    <ClCompile Include="DataContainer.cpp">
      <Filter>Source Files\connection\compression</Filter>
    </ClCompile>
    <ClCompile Include="Sky.cpp">
      <Filter>Source Files\graphics\shader</Filter>
    </ClCompile>
    <ClCompile Include="ModelLoader.cpp">
      <Filter>Source Files\graphics\model</Filter>
    </ClCompile>
    <ClCompile Include="ModelManager.cpp">
      <Filter>Source Files\graphics\model</Filter>
    </ClCompile>
    <ClCompile Include="FXAA.cpp">
      <Filter>Source Files\graphics\shader</Filter>
    </ClCompile>
    <ClCompile Include="Chunk.cpp">
      <Filter>Source Files\world\chunk</Filter>
    </ClCompile>
    <ClCompile Include="VoxelContainer.cpp">
      <Filter>Source Files\world\chunk</Filter>
    </ClCompile>
    <ClCompile Include="Bloom.cpp">
      <Filter>Source Files\graphics\shader</Filter>
    </ClCompile>
    <ClCompile Include="VoxelArrayContainer.cpp">
      <Filter>Source Files\world\chunk</Filter>
    </ClCompile>
    <ClCompile Include="Profiler.cpp">
      <Filter>Source Files</Filter>
    </ClCompile>
    <ClCompile Include="Lighting.cpp">
      <Filter>Source Files\graphics\lighting</Filter>
    </ClCompile>
    <ClCompile Include="Light.cpp">
      <Filter>Source Files\graphics\lighting</Filter>
    </ClCompile>
    <ClCompile Include="Camera.cpp">
      <Filter>Source Files\util\math</Filter>
    </ClCompile>
    <ClCompile Include="Vec3i.cpp">
      <Filter>Source Files\util\math</Filter>
    </ClCompile>
    <ClCompile Include="Input.cpp">
      <Filter>Source Files\io</Filter>
    </ClCompile>
    <ClCompile Include="Save.cpp">
      <Filter>Source Files\io</Filter>
    </ClCompile>
  </ItemGroup>
  <ItemGroup>
    <ClInclude Include="RenderingEngine.h">
      <Filter>Header Files\graphics</Filter>
    </ClInclude>
    <ClInclude Include="Window.h">
      <Filter>Header Files\graphics</Filter>
    </ClInclude>
    <ClInclude Include="Vec3.h">
      <Filter>Header Files\util\math</Filter>
    </ClInclude>
    <ClInclude Include="Model.h">
      <Filter>Header Files\graphics\model</Filter>
    </ClInclude>
    <ClInclude Include="VoxelMesher.h">
      <Filter>Header Files\graphics\voxel</Filter>
    </ClInclude>
    <ClInclude Include="World.h">
      <Filter>Header Files\world</Filter>
    </ClInclude>
    <ClInclude Include="VertexData.h">
      <Filter>Header Files\graphics\model</Filter>
    </ClInclude>
    <ClInclude Include="Util.h">
      <Filter>Header Files\util</Filter>
    </ClInclude>
    <ClInclude Include="ChunkManager.h">
      <Filter>Header Files\world</Filter>
    </ClInclude>
    <ClInclude Include="Noise.h">
      <Filter>Header Files\world\generation</Filter>
    </ClInclude>
    <ClInclude Include="Shader.h">
      <Filter>Header Files\graphics\shader</Filter>
    </ClInclude>
    <ClInclude Include="Texture.h">
      <Filter>Header Files\graphics\texture</Filter>
    </ClInclude>
    <ClInclude Include="VertexBufferObject.h">
      <Filter>Header Files\graphics\model</Filter>
    </ClInclude>
    <ClInclude Include="Biome.h">
      <Filter>Header Files\world\generation</Filter>
    </ClInclude>
    <ClInclude Include="FrustumCuller.h">
      <Filter>Header Files\graphics</Filter>
    </ClInclude>
    <ClInclude Include="ThreadManager.h">
      <Filter>Header Files\util</Filter>
    </ClInclude>
    <ClInclude Include="SSAO.h">
      <Filter>Header Files\graphics\shader</Filter>
    </ClInclude>
    <ClInclude Include="Vec2.h">
      <Filter>Header Files\util\math</Filter>
    </ClInclude>
    <ClInclude Include="Server.h">
      <Filter>Header Files\connection\server</Filter>
    </ClInclude>
    <ClInclude Include="Client.h">
      <Filter>Header Files\connection\client</Filter>
    </ClInclude>
    <ClInclude Include="Shadow.h">
      <Filter>Header Files\graphics\lighting\shadow</Filter>
    </ClInclude>
    <ClInclude Include="Mat4.h">
      <Filter>Header Files\util\math</Filter>
    </ClInclude>
    <ClInclude Include="Transform.h">
      <Filter>Header Files\util\math</Filter>
    </ClInclude>
    <ClInclude Include="ModelViewProjection.h">
      <Filter>Header Files\util\math</Filter>
    </ClInclude>
    <ClInclude Include="EntityManager.h">
      <Filter>Header Files\world</Filter>
    </ClInclude>
    <ClInclude Include="Entity.h">
      <Filter>Header Files\world\entity</Filter>
    </ClInclude>
    <ClInclude Include="Mob.h">
      <Filter>Header Files\world\entity\mob</Filter>
    </ClInclude>
    <ClInclude Include="PhysicsMob.h">
      <Filter>Header Files\world\entity\mob</Filter>
    </ClInclude>
    <ClInclude Include="EntityController.h">
      <Filter>Header Files\world\entity\controller</Filter>
    </ClInclude>
    <ClInclude Include="Human.h">
      <Filter>Header Files\world\entity\mob\human</Filter>
    </ClInclude>
    <ClInclude Include="PlayerController.h">
      <Filter>Header Files\world\entity\controller</Filter>
    </ClInclude>
    <ClInclude Include="ConnectionController.h">
      <Filter>Header Files\world\entity\controller</Filter>
    </ClInclude>
    <ClInclude Include="DataContainer.h">
      <Filter>Header Files\connection\compression</Filter>
    </ClInclude>
    <ClInclude Include="Sky.h">
      <Filter>Header Files\graphics\shader</Filter>
    </ClInclude>
    <ClInclude Include="ModelLoader.h">
      <Filter>Header Files\graphics\model</Filter>
    </ClInclude>
    <ClInclude Include="ModelManager.h">
      <Filter>Header Files\graphics\model</Filter>
    </ClInclude>
    <ClInclude Include="FXAA.h">
      <Filter>Header Files\graphics\shader</Filter>
    </ClInclude>
    <ClInclude Include="Chunk.h">
      <Filter>Header Files\world\chunk</Filter>
    </ClInclude>
    <ClInclude Include="VoxelContainer.h">
      <Filter>Header Files\world\chunk</Filter>
    </ClInclude>
    <ClInclude Include="Bloom.h">
      <Filter>Header Files\graphics\shader</Filter>
    </ClInclude>
    <ClInclude Include="VoxelArrayContainer.h">
      <Filter>Header Files\world\chunk</Filter>
    </ClInclude>
    <ClInclude Include="Profiler.h">
      <Filter>Header Files</Filter>
    </ClInclude>
    <ClInclude Include="Lighting.h">
      <Filter>Header Files\graphics\lighting</Filter>
    </ClInclude>
    <ClInclude Include="Light.h">
      <Filter>Header Files\graphics\lighting</Filter>
    </ClInclude>
    <ClInclude Include="Camera.h">
      <Filter>Header Files\util\math</Filter>
    </ClInclude>
    <ClInclude Include="Vec3i.h">
      <Filter>Header Files\util\math</Filter>
    </ClInclude>
    <ClInclude Include="Input.h">
      <Filter>Header Files\io</Filter>
    </ClInclude>
    <ClInclude Include="Save.h">
      <Filter>Header Files</Filter>
    </ClInclude>
    <ClInclude Include="lib\include\begin_code.h">
      <Filter>Header Files</Filter>
    </ClInclude>
    <ClInclude Include="lib\include\close_code.h">
      <Filter>Header Files</Filter>
    </ClInclude>
    <ClInclude Include="lib\include\SDL.h">
      <Filter>Header Files</Filter>
    </ClInclude>
    <ClInclude Include="lib\include\SDL_assert.h">
      <Filter>Header Files</Filter>
    </ClInclude>
    <ClInclude Include="lib\include\SDL_atomic.h">
      <Filter>Header Files</Filter>
    </ClInclude>
    <ClInclude Include="lib\include\SDL_audio.h">
      <Filter>Header Files</Filter>
    </ClInclude>
    <ClInclude Include="lib\include\SDL_bits.h">
      <Filter>Header Files</Filter>
    </ClInclude>
    <ClInclude Include="lib\include\SDL_blendmode.h">
      <Filter>Header Files</Filter>
    </ClInclude>
    <ClInclude Include="lib\include\SDL_clipboard.h">
      <Filter>Header Files</Filter>
    </ClInclude>
    <ClInclude Include="lib\include\SDL_config.h">
      <Filter>Header Files</Filter>
    </ClInclude>
    <ClInclude Include="lib\include\SDL_cpuinfo.h">
      <Filter>Header Files</Filter>
    </ClInclude>
    <ClInclude Include="lib\include\SDL_egl.h">
      <Filter>Header Files</Filter>
    </ClInclude>
    <ClInclude Include="lib\include\SDL_endian.h">
      <Filter>Header Files</Filter>
    </ClInclude>
    <ClInclude Include="lib\include\SDL_error.h">
      <Filter>Header Files</Filter>
    </ClInclude>
    <ClInclude Include="lib\include\SDL_events.h">
      <Filter>Header Files</Filter>
    </ClInclude>
    <ClInclude Include="lib\include\SDL_filesystem.h">
      <Filter>Header Files</Filter>
    </ClInclude>
    <ClInclude Include="lib\include\SDL_gamecontroller.h">
      <Filter>Header Files</Filter>
    </ClInclude>
    <ClInclude Include="lib\include\SDL_gesture.h">
      <Filter>Header Files</Filter>
    </ClInclude>
    <ClInclude Include="lib\include\SDL_haptic.h">
      <Filter>Header Files</Filter>
    </ClInclude>
    <ClInclude Include="lib\include\SDL_hints.h">
      <Filter>Header Files</Filter>
    </ClInclude>
    <ClInclude Include="lib\include\SDL_joystick.h">
      <Filter>Header Files</Filter>
    </ClInclude>
    <ClInclude Include="lib\include\SDL_keyboard.h">
      <Filter>Header Files</Filter>
    </ClInclude>
    <ClInclude Include="lib\include\SDL_keycode.h">
      <Filter>Header Files</Filter>
    </ClInclude>
    <ClInclude Include="lib\include\SDL_loadso.h">
      <Filter>Header Files</Filter>
    </ClInclude>
    <ClInclude Include="lib\include\SDL_log.h">
      <Filter>Header Files</Filter>
    </ClInclude>
    <ClInclude Include="lib\include\SDL_main.h">
      <Filter>Header Files</Filter>
    </ClInclude>
    <ClInclude Include="lib\include\SDL_messagebox.h">
      <Filter>Header Files</Filter>
    </ClInclude>
    <ClInclude Include="lib\include\SDL_mouse.h">
      <Filter>Header Files</Filter>
    </ClInclude>
    <ClInclude Include="lib\include\SDL_mutex.h">
      <Filter>Header Files</Filter>
    </ClInclude>
    <ClInclude Include="lib\include\SDL_name.h">
      <Filter>Header Files</Filter>
    </ClInclude>
    <ClInclude Include="lib\include\SDL_net.h">
      <Filter>Header Files</Filter>
    </ClInclude>
    <ClInclude Include="lib\include\SDL_opengl.h">
      <Filter>Header Files</Filter>
    </ClInclude>
    <ClInclude Include="lib\include\SDL_opengl_glext.h">
      <Filter>Header Files</Filter>
    </ClInclude>
    <ClInclude Include="lib\include\SDL_opengles.h">
      <Filter>Header Files</Filter>
    </ClInclude>
    <ClInclude Include="lib\include\SDL_opengles2.h">
      <Filter>Header Files</Filter>
    </ClInclude>
    <ClInclude Include="lib\include\SDL_opengles2_gl2.h">
      <Filter>Header Files</Filter>
    </ClInclude>
    <ClInclude Include="lib\include\SDL_opengles2_gl2ext.h">
      <Filter>Header Files</Filter>
    </ClInclude>
    <ClInclude Include="lib\include\SDL_opengles2_gl2platform.h">
      <Filter>Header Files</Filter>
    </ClInclude>
    <ClInclude Include="lib\include\SDL_opengles2_khrplatform.h">
      <Filter>Header Files</Filter>
    </ClInclude>
    <ClInclude Include="lib\include\SDL_pixels.h">
      <Filter>Header Files</Filter>
    </ClInclude>
    <ClInclude Include="lib\include\SDL_platform.h">
      <Filter>Header Files</Filter>
    </ClInclude>
    <ClInclude Include="lib\include\SDL_power.h">
      <Filter>Header Files</Filter>
    </ClInclude>
    <ClInclude Include="lib\include\SDL_quit.h">
      <Filter>Header Files</Filter>
    </ClInclude>
    <ClInclude Include="lib\include\SDL_rect.h">
      <Filter>Header Files</Filter>
    </ClInclude>
    <ClInclude Include="lib\include\SDL_render.h">
      <Filter>Header Files</Filter>
    </ClInclude>
    <ClInclude Include="lib\include\SDL_revision.h">
      <Filter>Header Files</Filter>
    </ClInclude>
    <ClInclude Include="lib\include\SDL_rwops.h">
      <Filter>Header Files</Filter>
    </ClInclude>
    <ClInclude Include="lib\include\SDL_scancode.h">
      <Filter>Header Files</Filter>
    </ClInclude>
    <ClInclude Include="lib\include\SDL_shape.h">
      <Filter>Header Files</Filter>
    </ClInclude>
    <ClInclude Include="lib\include\SDL_stdinc.h">
      <Filter>Header Files</Filter>
    </ClInclude>
    <ClInclude Include="lib\include\SDL_surface.h">
      <Filter>Header Files</Filter>
    </ClInclude>
    <ClInclude Include="lib\include\SDL_system.h">
      <Filter>Header Files</Filter>
    </ClInclude>
    <ClInclude Include="lib\include\SDL_syswm.h">
      <Filter>Header Files</Filter>
    </ClInclude>
    <ClInclude Include="lib\include\SDL_test.h">
      <Filter>Header Files</Filter>
    </ClInclude>
    <ClInclude Include="lib\include\SDL_test_assert.h">
      <Filter>Header Files</Filter>
    </ClInclude>
    <ClInclude Include="lib\include\SDL_test_common.h">
      <Filter>Header Files</Filter>
    </ClInclude>
    <ClInclude Include="lib\include\SDL_test_compare.h">
      <Filter>Header Files</Filter>
    </ClInclude>
    <ClInclude Include="lib\include\SDL_test_crc32.h">
      <Filter>Header Files</Filter>
    </ClInclude>
    <ClInclude Include="lib\include\SDL_test_font.h">
      <Filter>Header Files</Filter>
    </ClInclude>
    <ClInclude Include="lib\include\SDL_test_fuzzer.h">
      <Filter>Header Files</Filter>
    </ClInclude>
    <ClInclude Include="lib\include\SDL_test_harness.h">
      <Filter>Header Files</Filter>
    </ClInclude>
    <ClInclude Include="lib\include\SDL_test_images.h">
      <Filter>Header Files</Filter>
    </ClInclude>
    <ClInclude Include="lib\include\SDL_test_log.h">
      <Filter>Header Files</Filter>
    </ClInclude>
    <ClInclude Include="lib\include\SDL_test_md5.h">
      <Filter>Header Files</Filter>
    </ClInclude>
    <ClInclude Include="lib\include\SDL_test_random.h">
      <Filter>Header Files</Filter>
    </ClInclude>
    <ClInclude Include="lib\include\SDL_thread.h">
      <Filter>Header Files</Filter>
    </ClInclude>
    <ClInclude Include="lib\include\SDL_timer.h">
      <Filter>Header Files</Filter>
    </ClInclude>
    <ClInclude Include="lib\include\SDL_touch.h">
      <Filter>Header Files</Filter>
    </ClInclude>
    <ClInclude Include="lib\include\SDL_types.h">
      <Filter>Header Files</Filter>
    </ClInclude>
    <ClInclude Include="lib\include\SDL_version.h">
      <Filter>Header Files</Filter>
    </ClInclude>
    <ClInclude Include="lib\include\SDL_video.h">
      <Filter>Header Files</Filter>
    </ClInclude>
    <ClInclude Include="lib\include\stb_image.h">
      <Filter>Header Files</Filter>
    </ClInclude>
    <ClInclude Include="lib\include\glew.h">
      <Filter>Header Files</Filter>
    </ClInclude>
  </ItemGroup>
</Project>